
Microsoft Visual Studio Solution File, Format Version 12.00
# Visual Studio Version 16
VisualStudioVersion = 16.0.31019.35
MinimumVisualStudioVersion = 10.0.40219.1
Project("{FAE04EC0-301F-11D3-BF4B-00C04F79EFBC}") = "ifox_site", "ifox_site\ifox_site.csproj", "{A4268177-5643-4422-BF64-3CBB00DF6092}"
EndProject
Global
	GlobalSection(SolutionConfigurationPlatforms) = preSolution
		Debug|Any CPU = Debug|Any CPU
		Release|Any CPU = Release|Any CPU
	EndGlobalSection
	GlobalSection(ProjectConfigurationPlatforms) = postSolution
		{A4268177-5643-4422-BF64-3CBB00DF6092}.Debug|Any CPU.ActiveCfg = Debug|Any CPU
		{A4268177-5643-4422-BF64-3CBB00DF6092}.Debug|Any CPU.Build.0 = Debug|Any CPU
		{A4268177-5643-4422-BF64-3CBB00DF6092}.Release|Any CPU.ActiveCfg = Release|Any CPU
		{A4268177-5643-4422-BF64-3CBB00DF6092}.Release|Any CPU.Build.0 = Release|Any CPU
	EndGlobalSection
	GlobalSection(SolutionProperties) = preSolution
		HideSolutionNode = FALSE
	EndGlobalSection
	GlobalSection(ExtensibilityGlobals) = postSolution
		SolutionGuid = {EDFA54E5-8E34-473E-B1C1-97B46512AB5B}
	EndGlobalSection
EndGlobal
